
Microsoft Visual Studio Solution File, Format Version 12.00
# Visual Studio 15
VisualStudioVersion = 15.0.28307.852
MinimumVisualStudioVersion = 10.0.40219.1
Project("{9A19103F-16F7-4668-BE54-9A1E7A4F7556}") = "DinnersGQL", "DinnersGQL.csproj", "{18C45E28-D5D4-4FD5-B3A9-462A4442FE90}"
EndProject
Global
	GlobalSection(SolutionConfigurationPlatforms) = preSolution
		Debug|Any CPU = Debug|Any CPU
		Release|Any CPU = Release|Any CPU
	EndGlobalSection
	GlobalSection(ProjectConfigurationPlatforms) = postSolution
		{18C45E28-D5D4-4FD5-B3A9-462A4442FE90}.Debug|Any CPU.ActiveCfg = Debug|Any CPU
		{18C45E28-D5D4-4FD5-B3A9-462A4442FE90}.Debug|Any CPU.Build.0 = Debug|Any CPU
		{18C45E28-D5D4-4FD5-B3A9-462A4442FE90}.Release|Any CPU.ActiveCfg = Release|Any CPU
		{18C45E28-D5D4-4FD5-B3A9-462A4442FE90}.Release|Any CPU.Build.0 = Release|Any CPU
	EndGlobalSection
	GlobalSection(SolutionProperties) = preSolution
		HideSolutionNode = FALSE
	EndGlobalSection
	GlobalSection(ExtensibilityGlobals) = postSolution
		SolutionGuid = {2DD9B7BC-49AA-4CA8-A035-4B498794E201}
	EndGlobalSection
EndGlobal
