
Microsoft Visual Studio Solution File, Format Version 12.00
# Visual Studio Version 16
VisualStudioVersion = 16.0.30204.135
MinimumVisualStudioVersion = 10.0.40219.1
Project("{9A19103F-16F7-4668-BE54-9A1E7A4F7556}") = "DinnerSpinner.Api", "DinnerSpinner.Api\DinnerSpinner.Api.csproj", "{A511C9AA-E6B6-46F2-B14F-7A3EE900B464}"
EndProject
Global
	GlobalSection(SolutionConfigurationPlatforms) = preSolution
		Debug|Any CPU = Debug|Any CPU
		Release|Any CPU = Release|Any CPU
	EndGlobalSection
	GlobalSection(ProjectConfigurationPlatforms) = postSolution
		{A511C9AA-E6B6-46F2-B14F-7A3EE900B464}.Debug|Any CPU.ActiveCfg = Debug|Any CPU
		{A511C9AA-E6B6-46F2-B14F-7A3EE900B464}.Debug|Any CPU.Build.0 = Debug|Any CPU
		{A511C9AA-E6B6-46F2-B14F-7A3EE900B464}.Release|Any CPU.ActiveCfg = Release|Any CPU
		{A511C9AA-E6B6-46F2-B14F-7A3EE900B464}.Release|Any CPU.Build.0 = Release|Any CPU
	EndGlobalSection
	GlobalSection(SolutionProperties) = preSolution
		HideSolutionNode = FALSE
	EndGlobalSection
	GlobalSection(ExtensibilityGlobals) = postSolution
		SolutionGuid = {DCE5E29F-55B5-46FA-840D-1A35F4753E89}
	EndGlobalSection
EndGlobal
